{
  "version": "3",
  "packages": {
    "specifiers": {
      "npm:@types/node": "npm:@types/node@18.16.19"
    },
    "npm": {
      "@types/node@18.16.19": {
        "integrity": "sha512-IXl7o+R9iti9eBW4Wg2hx1xQDig183jj7YLn8F7udNceyfkbn1ZxmzZXuak20gR40D7pIkIY1kYGx5VIGbaHKA==",
        "dependencies": {}
      }
    }
  },
  "redirects": {
    "https://esm.sh/v135/@types/aws4@^1/index.d.ts": "https://esm.sh/v135/@types/aws4@1.11.6/index.d.ts"
  },
  "remote": {
    "https://deno.land/std@0.207.0/assert/_constants.ts": "8a9da298c26750b28b326b297316cdde860bc237533b07e1337c021379e6b2a9",
    "https://deno.land/std@0.207.0/assert/_diff.ts": "58e1461cc61d8eb1eacbf2a010932bf6a05b79344b02ca38095f9b805795dc48",
    "https://deno.land/std@0.207.0/assert/_format.ts": "a69126e8a469009adf4cf2a50af889aca364c349797e63174884a52ff75cf4c7",
    "https://deno.land/std@0.207.0/assert/assert.ts": "9a97dad6d98c238938e7540736b826440ad8c1c1e54430ca4c4e623e585607ee",
    "https://deno.land/std@0.207.0/assert/assert_almost_equals.ts": "e15ca1f34d0d5e0afae63b3f5d975cbd18335a132e42b0c747d282f62ad2cd6c",
    "https://deno.land/std@0.207.0/assert/assert_array_includes.ts": "6856d7f2c3544bc6e62fb4646dfefa3d1df5ff14744d1bca19f0cbaf3b0d66c9",
    "https://deno.land/std@0.207.0/assert/assert_equals.ts": "d8ec8a22447fbaf2fc9d7c3ed2e66790fdb74beae3e482855d75782218d68227",
    "https://deno.land/std@0.207.0/assert/assert_exists.ts": "407cb6b9fb23a835cd8d5ad804e2e2edbbbf3870e322d53f79e1c7a512e2efd7",
    "https://deno.land/std@0.207.0/assert/assert_false.ts": "0ccbcaae910f52c857192ff16ea08bda40fdc79de80846c206bfc061e8c851c6",
    "https://deno.land/std@0.207.0/assert/assert_greater.ts": "ae2158a2d19313bf675bf7251d31c6dc52973edb12ac64ac8fc7064152af3e63",
    "https://deno.land/std@0.207.0/assert/assert_greater_or_equal.ts": "1439da5ebbe20855446cac50097ac78b9742abe8e9a43e7de1ce1426d556e89c",
    "https://deno.land/std@0.207.0/assert/assert_instance_of.ts": "3aedb3d8186e120812d2b3a5dea66a6e42bf8c57a8bd927645770bd21eea554c",
    "https://deno.land/std@0.207.0/assert/assert_is_error.ts": "c21113094a51a296ffaf036767d616a78a2ae5f9f7bbd464cd0197476498b94b",
    "https://deno.land/std@0.207.0/assert/assert_less.ts": "aec695db57db42ec3e2b62e97e1e93db0063f5a6ec133326cc290ff4b71b47e4",
    "https://deno.land/std@0.207.0/assert/assert_less_or_equal.ts": "5fa8b6a3ffa20fd0a05032fe7257bf985d207b85685fdbcd23651b70f928c848",
    "https://deno.land/std@0.207.0/assert/assert_match.ts": "c4083f80600bc190309903c95e397a7c9257ff8b5ae5c7ef91e834704e672e9b",
    "https://deno.land/std@0.207.0/assert/assert_not_equals.ts": "9f1acab95bd1f5fc9a1b17b8027d894509a745d91bac1718fdab51dc76831754",
    "https://deno.land/std@0.207.0/assert/assert_not_instance_of.ts": "0c14d3dfd9ab7a5276ed8ed0b18c703d79a3d106102077ec437bfe7ed912bd22",
    "https://deno.land/std@0.207.0/assert/assert_not_match.ts": "3796a5b0c57a1ce6c1c57883dd4286be13a26f715ea662318ab43a8491a13ab0",
    "https://deno.land/std@0.207.0/assert/assert_not_strict_equals.ts": "ca6c6d645e95fbc873d25320efeb8c4c6089a9a5e09f92d7c1c4b6e935c2a6ad",
    "https://deno.land/std@0.207.0/assert/assert_object_match.ts": "d8fc2867cfd92eeacf9cea621e10336b666de1874a6767b5ec48988838370b54",
    "https://deno.land/std@0.207.0/assert/assert_rejects.ts": "45c59724de2701e3b1f67c391d6c71c392363635aad3f68a1b3408f9efca0057",
    "https://deno.land/std@0.207.0/assert/assert_strict_equals.ts": "b1f538a7ea5f8348aeca261d4f9ca603127c665e0f2bbfeb91fa272787c87265",
    "https://deno.land/std@0.207.0/assert/assert_string_includes.ts": "b821d39ebf5cb0200a348863c86d8c4c4b398e02012ce74ad15666fc4b631b0c",
    "https://deno.land/std@0.207.0/assert/assert_throws.ts": "63784e951475cb7bdfd59878cd25a0931e18f6dc32a6077c454b2cd94f4f4bcd",
    "https://deno.land/std@0.207.0/assert/assertion_error.ts": "4d0bde9b374dfbcbe8ac23f54f567b77024fb67dbb1906a852d67fe050d42f56",
    "https://deno.land/std@0.207.0/assert/equal.ts": "9f1a46d5993966d2596c44e5858eec821859b45f783a5ee2f7a695dfc12d8ece",
    "https://deno.land/std@0.207.0/assert/fail.ts": "c36353d7ae6e1f7933d45f8ea51e358c8c4b67d7e7502028598fe1fea062e278",
    "https://deno.land/std@0.207.0/assert/mod.ts": "37c49a26aae2b254bbe25723434dc28cd7532e444cf0b481a97c045d110ec085",
    "https://deno.land/std@0.207.0/assert/unimplemented.ts": "d56fbeecb1f108331a380f72e3e010a1f161baa6956fd0f7cf3e095ae1a4c75a",
    "https://deno.land/std@0.207.0/assert/unreachable.ts": "4600dc0baf7d9c15a7f7d234f00c23bca8f3eba8b140286aaca7aa998cf9a536",
    "https://deno.land/std@0.207.0/dotenv/mod.ts": "039468f5c87d39b69d7ca6c3d68ebca82f206ec0ff5e011d48205eea292ea5a6",
    "https://deno.land/std@0.207.0/fmt/colors.ts": "34b3f77432925eb72cf0bfb351616949746768620b8e5ead66da532f93d10ba2",
    "https://deno.land/std@0.207.0/testing/_test_suite.ts": "30f018feeb3835f12ab198d8a518f9089b1bcb2e8c838a8b615ab10d5005465c",
    "https://deno.land/std@0.207.0/testing/bdd.ts": "3f446df5ef8e856a869e8eec54c8482590415741ff0b6358a00c43486cc15769",
    "https://esm.sh/@aws-sdk/s3-request-presigner@3.456.0": "9ce6aaac765ce189a26ac12dd35da84f397f05138eef942581493611cccc4a9d",
    "https://esm.sh/@smithy/types@2.6.0": "0d374b70e47193d1cea0f017400e7bdb716be3afdec52e64f00c1a7b783d75c8",
    "https://esm.sh/aws4@1.12.0": "1dcc998898f6dd91ddaadd2f75c9d6ab3aff7427d4f4cc3a38042f409ce8f0d6",
    "https://esm.sh/ipfs-car@1.0.0": "a9764fd4d64680f0e419a1b0e8257e3e179002c2f5d7e81da86d20f1902dcc5c",
    "https://esm.sh/multiformats@12.1.3/cid": "051fc194adca639e2577a5e2d3a30e0f1cbb1ebfb1ce0b82cbd099c0004f6bd4",
    "https://esm.sh/v133/@ipld/dag-cbor@9.0.6/denonext/dag-cbor.mjs": "c2d78f80250af3059282f1f8aa40b4019d72de93159f420dbdff1db83d86a9e9",
    "https://esm.sh/v133/@ipld/dag-pb@4.0.6/denonext/dag-pb.mjs": "6a9099ff57a744dfc3da20942eff4bdfc0ce5163d07b1408bfb3eb48b51b9129",
    "https://esm.sh/v133/@ipld/unixfs@2.1.2/denonext/unixfs.mjs": "a677b6d5de620a7a09ec0ac58ac1cf8ea6a2b94f3b2cbee3fcf62465ff8695f2",
    "https://esm.sh/v133/@multiformats/murmur3@2.1.7/denonext/murmur3.mjs": "428ce0bc3f6de38f32912ac01303af350444736105b9e1df4c462714673bc781",
    "https://esm.sh/v133/@perma/map@1.0.3/denonext/map.mjs": "5064a1aaff5fabd008fa23599c227aa0a03638c44a17cc1e177484c26908a511",
    "https://esm.sh/v133/@perma/map@1.0.3/denonext/unixfs.js": "d3ab8e85a2299d8ed742c6270a018419557f80ba420e15e27a6613db3b0f3e68",
    "https://esm.sh/v133/@protobufjs/aspromise@1.1.2/denonext/aspromise.mjs": "3d83037425036ea5fa83a5893059b313e9197af8b1ba84f775ac05e6df7736e4",
    "https://esm.sh/v133/@protobufjs/base64@1.1.2/denonext/base64.mjs": "acea461f17e7d0f813b08a633809c6810dc592b28a9eb26dba0b8f1b7af911b8",
    "https://esm.sh/v133/@protobufjs/eventemitter@1.1.0/denonext/eventemitter.mjs": "0299224895b8f43109b42926a0ee2dadd6138e638445327585107a8cc82f6a17",
    "https://esm.sh/v133/@protobufjs/float@1.0.2/denonext/float.mjs": "af49a1cdbb9b232cdef5f8a772e04bf4628671873bd39ca33a9dd9ffd0115dea",
    "https://esm.sh/v133/@protobufjs/inquire@1.1.0/denonext/inquire.mjs": "5920ac62d435331221345c39a263ceb1d2f8711df73cb5af89ccd41074fcc82a",
    "https://esm.sh/v133/@protobufjs/pool@1.1.0/denonext/pool.mjs": "01b3d9ea0df1fefa04eae55ea83d2a8198cfcb3e6dbfac15a8bf37cfc80abd19",
    "https://esm.sh/v133/@protobufjs/utf8@1.1.0/denonext/utf8.mjs": "52b7bc421bad149db24d90d8ac5364f2c9f9766e5449fd266d5edf04b2669f23",
    "https://esm.sh/v133/actor@2.3.1/denonext/actor.mjs": "00fab8ffb95490003f1b1c24713b6d48dc45fb1bdcc5f6e5ffb778057c03440d",
    "https://esm.sh/v133/cborg@4.0.3/denonext/cborg.mjs": "e220414da161c15307be4b72849bf84bc5bcbc199ee4824951df529350af75d2",
    "https://esm.sh/v133/ipfs-car@1.0.0/denonext/ipfs-car.mjs": "3b4181a252d23cd3d33197c421121137f750141ec5f616d58736e97363ca60ac",
    "https://esm.sh/v133/multiformats@11.0.2/denonext/block.js": "008baabf9c3264ceca6b0cc7fff17d960853e2ed3517f3eb9f1b901022102cec",
    "https://esm.sh/v133/multiformats@11.0.2/denonext/cid.js": "2e6d73c56196384774b6970ffc9cb9f876d020e2eb9e7ee6faccde1553c506dd",
    "https://esm.sh/v133/multiformats@11.0.2/denonext/codecs/raw.js": "185f2f813aeaf4462a5d4726cd36f8c46172cc25954ca081e2c2c5ed4f9e9508",
    "https://esm.sh/v133/multiformats@11.0.2/denonext/hashes/sha2.js": "203d1a99c5e5a6b88956fc1c466d352a6f84f2c6824f43861b8222fd5648767c",
    "https://esm.sh/v133/multiformats@12.1.3/denonext/cid.js": "890b14c6c0256282e8e997079589984b8c193ab5184949bbdc09129d2be7c290",
    "https://esm.sh/v133/multiformats@12.1.3/denonext/hashes/hasher.js": "884f4351ffc43f7b86f9d48611705f23481dd6c9a8d6b8e7f843704112b05131",
    "https://esm.sh/v133/multiformats@12.1.3/denonext/multiformats.mjs": "9e2b097bb7a5c0c8fc68e711c63505250fd64d2eed1db1e9ecf1d5da56f91a38",
    "https://esm.sh/v133/murmurhash3js-revisited@3.0.0/denonext/murmurhash3js-revisited.mjs": "f55c67ceb58a07b2bf07aa23ba4b37bdf36043b59701337cc1923c9cb6ecd944",
    "https://esm.sh/v133/protobufjs@7.2.5/denonext/minimal.js": "4c8aea341cd227a103dcbf97e7440a459217c643d50ebac841483c102165af1d",
    "https://esm.sh/v133/varint@6.0.0/denonext/varint.mjs": "5610d240d126c901e2c424075f0dfba7173ed1f1cce6601232ea67c0def3c5bb",
    "https://esm.sh/v135/@aws-crypto/crc32@3.0.0/denonext/crc32.mjs": "f9a98501e686244b2f327c7791df0f1f7830b8769dd2815b9de7e2aaca1f657f",
    "https://esm.sh/v135/@aws-crypto/util@3.0.0/denonext/util.mjs": "0fbd60f4487011dd33dad62793bfa4617f07791d54e0a21e3ac7f9ceb99af7db",
    "https://esm.sh/v135/@aws-sdk/s3-request-presigner@3.456.0/denonext/s3-request-presigner.mjs": "f982cfbfe8f4caf030ed422cb7911ea240d217731d467a16a18ba9d25c6dff6b",
    "https://esm.sh/v135/@aws-sdk/signature-v4-multi-region@3.451.0/denonext/signature-v4-multi-region.mjs": "cfaf6e756490197a71fb61758dce8bd641ade298c46ac6385485e23d4b625606",
    "https://esm.sh/v135/@aws-sdk/util-format-url@3.451.0/denonext/util-format-url.mjs": "19dcd4b43e70f37103ae34502e0ef32bcc00bdad7e3480cbbaf9a3b9ea18205a",
    "https://esm.sh/v135/@aws-sdk/util-utf8-browser@3.259.0/denonext/util-utf8-browser.mjs": "79fc8ce5cd61204fe274363d637902a5d49ea40688e8d40cbd5b6ecf56f782b7",
    "https://esm.sh/v135/@smithy/eventstream-codec@2.0.13/denonext/eventstream-codec.mjs": "0f2f0ffff93c80803f9db8f0f91c6038ba2369c219031379c7e8955f7ae3463b",
    "https://esm.sh/v135/@smithy/is-array-buffer@2.0.0/denonext/is-array-buffer.mjs": "8fcbe490a3730ac1eac71766b5e1cb41ccba2f2abf646badb0e50a95340b3623",
    "https://esm.sh/v135/@smithy/middleware-endpoint@2.2.1/denonext/middleware-endpoint.mjs": "7840a55e2a6558b50713584b2a9068f0ea311c089a49ca3c95024da1a11d594e",
    "https://esm.sh/v135/@smithy/middleware-serde@2.0.14/denonext/middleware-serde.mjs": "27bc3de619201b906636b9ff564a82ae2e772864affd6a1263dc419bd5c8f16e",
    "https://esm.sh/v135/@smithy/protocol-http@3.0.10/denonext/protocol-http.mjs": "7a6184c624ecaec8050866897aed5c5b77f11df6c7ed1da7dba71248cee43f57",
    "https://esm.sh/v135/@smithy/querystring-builder@2.0.14/denonext/querystring-builder.mjs": "bc4bf2eac1c0f6e0d6eaaf54f15a0894754a41d2e99e0cbaea046d32b0498c83",
    "https://esm.sh/v135/@smithy/querystring-parser@2.0.14/denonext/querystring-parser.mjs": "1d98739f60ad163db362149e62f36bd85de546b6f92526a9d580ee8d35274a8a",
    "https://esm.sh/v135/@smithy/signature-v4@2.0.15/denonext/signature-v4.mjs": "74907d739eca6404fb1b7f05369f4f05408b7340e4516b069806d8fb71fe883a",
    "https://esm.sh/v135/@smithy/types@2.5.0/denonext/types.mjs": "f273245fd07623d2d932f9ffa6ccdc5c829d3f5e364deec0d64fa2421b94620a",
    "https://esm.sh/v135/@smithy/types@2.6.0/denonext/types.mjs": "e41fa7f64bd6b57da04215ffbe2dc66dc3a79c22c635748a1e01ec4cbc162d29",
    "https://esm.sh/v135/@smithy/url-parser@2.0.14/denonext/url-parser.mjs": "e487b2e87633c4198c10f78044fd92bc53d9d5121ab52d000d9512f799ea55bd",
    "https://esm.sh/v135/@smithy/util-hex-encoding@2.0.0/denonext/util-hex-encoding.mjs": "48b73551d6dc8f87fff840debe36f207f56b04a36c3c21fe2099613457c9d22d",
    "https://esm.sh/v135/@smithy/util-middleware@2.0.6/denonext/util-middleware.mjs": "0bf990cecfba03d827130507a14bd119c7fbaee4ee8fe057d0904e7741b4fddc",
    "https://esm.sh/v135/@smithy/util-middleware@2.0.7/denonext/util-middleware.mjs": "673799dcf0b06c3d516a3f75c54f82d5a43ba8321015813499cc5c7a80fbcaf6",
    "https://esm.sh/v135/@smithy/util-uri-escape@2.0.0/denonext/util-uri-escape.mjs": "1e46ae4ab088b9dfcb5dd73715de2a2530747e920cf5b405012aed7d944e2976",
    "https://esm.sh/v135/@smithy/util-utf8@2.0.2/denonext/util-utf8.mjs": "d1869dca8a21b3e6c297cb55f90e1b78bf8f365afd1f173c16d719f28245604b",
    "https://esm.sh/v135/aws4@1.12.0/denonext/aws4.mjs": "a9bee7397e4d31e972b28d4cba022e92e82a7e277462662aa4d20642b2847d51",
    "https://esm.sh/v135/multiformats@12.1.3/denonext/bases/base32.js": "39e4b720890f4181815e9a450add4d67a7ff210c024a3b0fd4ee25f62c5a6b6b",
    "https://esm.sh/v135/multiformats@12.1.3/denonext/bases/base58.js": "482fe987da4939be6b059e58de2427f0b358404f3692f3b0dc9c7ae3f681bac8",
    "https://esm.sh/v135/multiformats@12.1.3/denonext/bases/interface.js": "fccba892e749a03dfc2995ff0bd13f242e25021a6234244213e16e5330336725",
    "https://esm.sh/v135/multiformats@12.1.3/denonext/bytes.js": "55a4ccccbe8dfa458dcbdb391fa59f449c5d81d80dbf972f531eff9e57c308fe",
    "https://esm.sh/v135/multiformats@12.1.3/denonext/cid.js": "fd89bc6ef4a3668ee9225c8bc802f4fc684523a62d2b0d602728d785c73ee0dc",
    "https://esm.sh/v135/multiformats@12.1.3/denonext/hashes/digest.js": "44af2fac90cfb4efd54796d857773c21e74d816dffd45b069e7cdfcee432bb58",
    "https://esm.sh/v135/multiformats@12.1.3/denonext/link/interface.js": "fed4320d49924e8231922cd530b9d4d99109b6e21ae946f3a31df3b0e8dccfaf",
    "https://esm.sh/v135/tslib@1.14.1/denonext/tslib.mjs": "5e49e8960f064d11fb709e3338f5437e2ede57e7df873a09d7834c2a0bf533f7"
  }
}
