{
  "version": "3",
  "remote": {
    "https://esm.sh/@aws-sdk/s3-request-presigner@3.456.0": "9ce6aaac765ce189a26ac12dd35da84f397f05138eef942581493611cccc4a9d",
    "https://esm.sh/aws4@1.12.0": "1dcc998898f6dd91ddaadd2f75c9d6ab3aff7427d4f4cc3a38042f409ce8f0d6",
    "https://esm.sh/v135/@aws-crypto/crc32@3.0.0/denonext/crc32.mjs": "f9a98501e686244b2f327c7791df0f1f7830b8769dd2815b9de7e2aaca1f657f",
    "https://esm.sh/v135/@aws-crypto/util@3.0.0/denonext/util.mjs": "0fbd60f4487011dd33dad62793bfa4617f07791d54e0a21e3ac7f9ceb99af7db",
    "https://esm.sh/v135/@aws-sdk/s3-request-presigner@3.456.0/denonext/s3-request-presigner.mjs": "f982cfbfe8f4caf030ed422cb7911ea240d217731d467a16a18ba9d25c6dff6b",
    "https://esm.sh/v135/@aws-sdk/signature-v4-multi-region@3.451.0/denonext/signature-v4-multi-region.mjs": "cfaf6e756490197a71fb61758dce8bd641ade298c46ac6385485e23d4b625606",
    "https://esm.sh/v135/@aws-sdk/util-format-url@3.451.0/denonext/util-format-url.mjs": "19dcd4b43e70f37103ae34502e0ef32bcc00bdad7e3480cbbaf9a3b9ea18205a",
    "https://esm.sh/v135/@aws-sdk/util-utf8-browser@3.259.0/denonext/util-utf8-browser.mjs": "79fc8ce5cd61204fe274363d637902a5d49ea40688e8d40cbd5b6ecf56f782b7",
    "https://esm.sh/v135/@smithy/eventstream-codec@2.0.13/denonext/eventstream-codec.mjs": "0f2f0ffff93c80803f9db8f0f91c6038ba2369c219031379c7e8955f7ae3463b",
    "https://esm.sh/v135/@smithy/is-array-buffer@2.0.0/denonext/is-array-buffer.mjs": "8fcbe490a3730ac1eac71766b5e1cb41ccba2f2abf646badb0e50a95340b3623",
    "https://esm.sh/v135/@smithy/middleware-endpoint@2.2.1/denonext/middleware-endpoint.mjs": "7840a55e2a6558b50713584b2a9068f0ea311c089a49ca3c95024da1a11d594e",
    "https://esm.sh/v135/@smithy/middleware-serde@2.0.14/denonext/middleware-serde.mjs": "27bc3de619201b906636b9ff564a82ae2e772864affd6a1263dc419bd5c8f16e",
    "https://esm.sh/v135/@smithy/protocol-http@3.0.10/denonext/protocol-http.mjs": "7a6184c624ecaec8050866897aed5c5b77f11df6c7ed1da7dba71248cee43f57",
    "https://esm.sh/v135/@smithy/querystring-builder@2.0.14/denonext/querystring-builder.mjs": "bc4bf2eac1c0f6e0d6eaaf54f15a0894754a41d2e99e0cbaea046d32b0498c83",
    "https://esm.sh/v135/@smithy/querystring-parser@2.0.14/denonext/querystring-parser.mjs": "1d98739f60ad163db362149e62f36bd85de546b6f92526a9d580ee8d35274a8a",
    "https://esm.sh/v135/@smithy/signature-v4@2.0.15/denonext/signature-v4.mjs": "74907d739eca6404fb1b7f05369f4f05408b7340e4516b069806d8fb71fe883a",
    "https://esm.sh/v135/@smithy/types@2.5.0/denonext/types.mjs": "f273245fd07623d2d932f9ffa6ccdc5c829d3f5e364deec0d64fa2421b94620a",
    "https://esm.sh/v135/@smithy/types@2.6.0/denonext/types.mjs": "e41fa7f64bd6b57da04215ffbe2dc66dc3a79c22c635748a1e01ec4cbc162d29",
    "https://esm.sh/v135/@smithy/url-parser@2.0.14/denonext/url-parser.mjs": "e487b2e87633c4198c10f78044fd92bc53d9d5121ab52d000d9512f799ea55bd",
    "https://esm.sh/v135/@smithy/util-hex-encoding@2.0.0/denonext/util-hex-encoding.mjs": "48b73551d6dc8f87fff840debe36f207f56b04a36c3c21fe2099613457c9d22d",
    "https://esm.sh/v135/@smithy/util-middleware@2.0.6/denonext/util-middleware.mjs": "0bf990cecfba03d827130507a14bd119c7fbaee4ee8fe057d0904e7741b4fddc",
    "https://esm.sh/v135/@smithy/util-middleware@2.0.7/denonext/util-middleware.mjs": "673799dcf0b06c3d516a3f75c54f82d5a43ba8321015813499cc5c7a80fbcaf6",
    "https://esm.sh/v135/@smithy/util-uri-escape@2.0.0/denonext/util-uri-escape.mjs": "1e46ae4ab088b9dfcb5dd73715de2a2530747e920cf5b405012aed7d944e2976",
    "https://esm.sh/v135/@smithy/util-utf8@2.0.2/denonext/util-utf8.mjs": "d1869dca8a21b3e6c297cb55f90e1b78bf8f365afd1f173c16d719f28245604b",
    "https://esm.sh/v135/aws4@1.12.0/denonext/aws4.mjs": "a9bee7397e4d31e972b28d4cba022e92e82a7e277462662aa4d20642b2847d51",
    "https://esm.sh/v135/tslib@1.14.1/denonext/tslib.mjs": "5e49e8960f064d11fb709e3338f5437e2ede57e7df873a09d7834c2a0bf533f7"
  }
}
